
Microsoft Visual Studio Solution File, Format Version 12.00
# Visual Studio Version 17
VisualStudioVersion = 17.2.32630.192
MinimumVisualStudioVersion = 10.0.40219.1
Project("{FAE04EC0-301F-11D3-BF4B-00C04F79EFBC}") = "Tarefas", "Tarefas\Tarefas.csproj", "{10C24EAE-0AD9-4249-BA48-DC1783556B0E}"
EndProject
Global
	GlobalSection(SolutionConfigurationPlatforms) = preSolution
		Debug|Any CPU = Debug|Any CPU
		Release|Any CPU = Release|Any CPU
	EndGlobalSection
	GlobalSection(ProjectConfigurationPlatforms) = postSolution
		{10C24EAE-0AD9-4249-BA48-DC1783556B0E}.Debug|Any CPU.ActiveCfg = Debug|Any CPU
		{10C24EAE-0AD9-4249-BA48-DC1783556B0E}.Debug|Any CPU.Build.0 = Debug|Any CPU
		{10C24EAE-0AD9-4249-BA48-DC1783556B0E}.Release|Any CPU.ActiveCfg = Release|Any CPU
		{10C24EAE-0AD9-4249-BA48-DC1783556B0E}.Release|Any CPU.Build.0 = Release|Any CPU
	EndGlobalSection
	GlobalSection(SolutionProperties) = preSolution
		HideSolutionNode = FALSE
	EndGlobalSection
	GlobalSection(ExtensibilityGlobals) = postSolution
		SolutionGuid = {578589B3-F4FD-4316-A1D1-410DC95B3CD3}
	EndGlobalSection
EndGlobal
